
Microsoft Visual Studio Solution File, Format Version 12.00
# Visual Studio Version 17
VisualStudioVersion = 17.4.33213.308
MinimumVisualStudioVersion = 10.0.40219.1
Project("{FAE04EC0-301F-11D3-BF4B-00C04F79EFBC}") = "futcsAPI", "futcsAPI.csproj", "{E7C26028-D483-49CE-BD63-C55F3650D56E}"
EndProject
Global
	GlobalSection(SolutionConfigurationPlatforms) = preSolution
		Debug|Any CPU = Debug|Any CPU
		Release|Any CPU = Release|Any CPU
	EndGlobalSection
	GlobalSection(ProjectConfigurationPlatforms) = postSolution
		{E7C26028-D483-49CE-BD63-C55F3650D56E}.Debug|Any CPU.ActiveCfg = Debug|Any CPU
		{E7C26028-D483-49CE-BD63-C55F3650D56E}.Debug|Any CPU.Build.0 = Debug|Any CPU
		{E7C26028-D483-49CE-BD63-C55F3650D56E}.Release|Any CPU.ActiveCfg = Release|Any CPU
		{E7C26028-D483-49CE-BD63-C55F3650D56E}.Release|Any CPU.Build.0 = Release|Any CPU
	EndGlobalSection
	GlobalSection(SolutionProperties) = preSolution
		HideSolutionNode = FALSE
	EndGlobalSection
	GlobalSection(ExtensibilityGlobals) = postSolution
		SolutionGuid = {25A7E6DF-B101-474F-AF0E-2864BB6E049D}
	EndGlobalSection
EndGlobal
